<?xml version="1.0" encoding="utf-8"?>
<Project ToolsVersion="4.0" xmlns="http://schemas.microsoft.com/developer/msbuild/2003">
  <ItemGroup>
    <Filter Include="Source Files">
      <UniqueIdentifier>{4FC737F1-C7A5-4376-A066-2A32D752A2FF}</UniqueIdentifier>
      <Extensions>cpp;c;cc;cxx;c++;def;odl;idl;hpj;bat;asm;asmx</Extensions>
    </Filter>
    <Filter Include="Header Files">
      <UniqueIdentifier>{93995380-89BD-4b04-88EB-625FBE52EBFB}</UniqueIdentifier>
      <Extensions>h;hh;hpp;hxx;h++;hm;inl;inc;ipp;xsd</Extensions>
    </Filter>
    <Filter Include="Resource Files">
      <UniqueIdentifier>{67DA6AB6-F800-4c08-8B7A-83BB121AAD01}</UniqueIdentifier>
      <Extensions>rc;ico;cur;bmp;dlg;rc2;rct;bin;rgs;gif;jpg;jpeg;jpe;resx;tiff;tif;png;wav;mfcribbon-ms</Extensions>
    </Filter>
  </ItemGroup>
  <ItemGroup>
    <None Include="README.md" />
    <None Include="Docs\html\search\all_0.html" />
    <None Include="Docs\html\search\all_1.html" />
    <None Include="Docs\html\search\files_0.html" />
    <None Include="Docs\html\search\functions_0.html" />
    <None Include="Docs\html\search\functions_1.html" />
    <None Include="Docs\html\search\nomatches.html" />
    <None Include="Docs\html\_dll_main_8cc.html" />
    <None Include="Docs\html\dir_652ee0fff7656cf5bea923779d35b27f.html" />
    <None Include="Docs\html\files.html" />
    <None Include="Docs\html\globals.html" />
    <None Include="Docs\html\globals_func.html" />
    <None Include="Docs\html\graph_legend.html" />
    <None Include="Docs\html\index.html" />
    <None Include="Docs\html\_dll_main_8cc__incl.dot" />
    <None Include="Docs\html\doxygen.css" />
    <None Include="Docs\html\dynsections.js" />
    <None Include="Docs\html\graph_legend.dot" />
    <None Include="Docs\html\jquery.js" />
    <None Include="Docs\html\menu.js" />
    <None Include="Docs\html\menudata.js" />
    <None Include="Docs\html\tabs.css" />
    <None Include="Docs\html\search\all_0.js" />
    <None Include="Docs\html\search\files_0.js" />
    <None Include="Docs\html\search\functions_0.js" />
    <None Include="Docs\html\search\functions_1.js" />
    <None Include="Docs\html\search\search.css" />
    <None Include="Docs\html\search\search.js" />
    <None Include="Docs\html\search\searchdata.js" />
    <None Include="Dependencies\DirectX9SDK\Include\D3DX_DXGIFormatConvert.inl">
      <Filter>Header Files</Filter>
    </None>
    <None Include="Dependencies\DirectX9SDK\Include\d3dx9math.inl">
      <Filter>Header Files</Filter>
    </None>
    <None Include="Dependencies\DirectX9SDK\Include\D3DX10math.inl">
      <Filter>Header Files</Filter>
    </None>
    <None Include="Dependencies\DirectX9SDK\Include\xnamathconvert.inl">
      <Filter>Header Files</Filter>
    </None>
    <None Include="Dependencies\DirectX9SDK\Include\xnamathmatrix.inl">
      <Filter>Header Files</Filter>
    </None>
    <None Include="Dependencies\DirectX9SDK\Include\xnamathmisc.inl">
      <Filter>Header Files</Filter>
    </None>
    <None Include="Dependencies\DirectX9SDK\Include\xnamathvector.inl">
      <Filter>Header Files</Filter>
    </None>
    <None Include="Doxyfile" />
    <None Include="Docs\html\_dll_main_8cc_ae57465f54f783f35d7738032864a9926_cgraph.dot" />
    <None Include="Docs\html\_dummy_device_8cc.html" />
    <None Include="Docs\html\_dummy_device_8cc.js" />
    <None Include="Docs\html\_dummy_device_8cc__incl.dot" />
    <None Include="Docs\html\_dummy_device_8hpp.html" />
    <None Include="Docs\html\_dummy_device_8hpp.js" />
    <None Include="Docs\html\_dummy_device_8hpp__dep__incl.dot" />
    <None Include="Docs\html\_dummy_device_8hpp__incl.dot" />
    <None Include="Docs\html\_dummy_device_8hpp_source.html" />
    <None Include="Docs\html\_gateway_8cc.html" />
    <None Include="Docs\html\_gateway_8cc.js" />
    <None Include="Docs\html\_gateway_8cc__incl.dot" />
    <None Include="Docs\html\_hooks_8cc.html" />
    <None Include="Docs\html\_hooks_8cc.js" />
    <None Include="Docs\html\_hooks_8cc__incl.dot" />
    <None Include="Docs\html\_hooks_8cc_a60adc122e4cca089a025dacf24e85044_cgraph.dot" />
    <None Include="Docs\html\_hooks_8hpp.html" />
    <None Include="Docs\html\_hooks_8hpp.js" />
    <None Include="Docs\html\_hooks_8hpp__dep__incl.dot" />
    <None Include="Docs\html\_hooks_8hpp__incl.dot" />
    <None Include="Docs\html\_hooks_8hpp_a60adc122e4cca089a025dacf24e85044_cgraph.dot" />
    <None Include="Docs\html\_hooks_8hpp_source.html" />
    <None Include="Docs\html\_keys_8hpp.html" />
    <None Include="Docs\html\_keys_8hpp.js" />
    <None Include="Docs\html\_keys_8hpp_source.html" />
    <None Include="Docs\html\_memory_8cc.html" />
    <None Include="Docs\html\_memory_8cc.js" />
    <None Include="Docs\html\_memory_8cc__incl.dot" />
    <None Include="Docs\html\_memory_8hpp.html" />
    <None Include="Docs\html\_memory_8hpp.js" />
    <None Include="Docs\html\_memory_8hpp__dep__incl.dot" />
    <None Include="Docs\html\_memory_8hpp__incl.dot" />
    <None Include="Docs\html\_memory_8hpp_source.html" />
    <None Include="Docs\html\_s_d_k_8hpp.html" />
    <None Include="Docs\html\_s_d_k_8hpp_source.html" />
    <None Include="Docs\html\_strings_8hpp.html" />
    <None Include="Docs\html\_strings_8hpp.js" />
    <None Include="Docs\html\_strings_8hpp_source.html" />
    <None Include="Docs\html\annotated.html" />
    <None Include="Docs\html\annotated_dup.js" />
    <None Include="Docs\html\_dll_main_8cc.js" />
    <None Include="Docs\html\dir_652ee0fff7656cf5bea923779d35b27f.js" />
    <None Include="Docs\html\dir_652ee0fff7656cf5bea923779d35b27f_dep.dot" />
    <None Include="Docs\html\dir_771e702eb1f6761c88a4b8489d8ed8c3.html" />
    <None Include="Docs\html\dir_771e702eb1f6761c88a4b8489d8ed8c3.js" />
    <None Include="Docs\html\dir_bf8cfc72051065b9197f5f9eabf14d04.html" />
    <None Include="Docs\html\dir_bf8cfc72051065b9197f5f9eabf14d04.js" />
    <None Include="Docs\html\dir_67e0c74ca90f2d7d2179fb71192dc88f.js" />
    <None Include="Docs\html\dir_000000_000002.html" />
    <None Include="Docs\html\dir_1e006748973fc16ef4f44e750971a4d3.html" />
    <None Include="Docs\html\dir_1e006748973fc16ef4f44e750971a4d3.js" />
    <None Include="Docs\html\dir_67e0c74ca90f2d7d2179fb71192dc88f.html" />
    <None Include="Docs\html\classes.html" />
    <None Include="Docs\html\class_mid_function_hook.html" />
    <None Include="Docs\html\class_mid_function_hook.js" />
    <None Include="Docs\html\class_mid_function_hook_a6a33ec478636f0959d24255f59d151d3_cgraph.dot" />
    <None Include="Docs\html\class_mid_function_hook-members.html" />
    <None Include="Docs\html\functions_func.html" />
    <None Include="Docs\html\functions.html" />
    <None Include="Docs\html\files_dup.js" />
    <None Include="Docs\html\imstb__truetype_8h_source.html" />
    <None Include="Docs\html\imconfig_8h_source.html" />
    <None Include="Docs\html\imgui__impl__dx9_8h_source.html" />
    <None Include="Docs\html\imgui__impl__win32_8h_source.html" />
    <None Include="Docs\html\imgui__internal_8h_source.html" />
    <None Include="Docs\html\imgui_8h_source.html" />
    <None Include="Docs\html\imstb__rectpack_8h_source.html" />
    <None Include="Docs\html\imstb__textedit_8h_source.html" />
    <None Include="Docs\html\navtree.css" />
    <None Include="Docs\html\navtree.js" />
    <None Include="Docs\html\navtreedata.js" />
    <None Include="Docs\html\navtreeindex0.js" />
    <None Include="Docs\html\navtreeindex1.js" />
    <None Include="Docs\html\navtreeindex2.js" />
    <None Include="Docs\html\navtreeindex3.js" />
    <None Include="Docs\html\navtreeindex4.js" />
    <None Include="Docs\html\navtreeindex5.js" />
    <None Include="Docs\html\resize.js" />
    <None Include="Docs\html\struct_c_u_s_t_o_m_v_e_r_t_e_x.html" />
    <None Include="Docs\html\struct_c_u_s_t_o_m_v_e_r_t_e_x.js" />
    <None Include="Docs\html\struct_c_u_s_t_o_m_v_e_r_t_e_x-members.html" />
    <None Include="Docs\html\struct_example_app_console.html" />
    <None Include="Docs\html\struct_example_app_console.js" />
    <None Include="Docs\html\struct_example_app_console__coll__graph.dot" />
    <None Include="Docs\html\struct_example_app_console-members.html" />
    <None Include="Docs\html\struct_example_app_documents.html" />
    <None Include="Docs\html\struct_example_app_documents.js" />
    <None Include="Docs\html\struct_example_app_documents__coll__graph.dot" />
    <None Include="Docs\html\struct_example_app_documents-members.html" />
    <None Include="Docs\html\struct_example_app_log.html" />
    <None Include="Docs\html\struct_example_app_log.js" />
    <None Include="Docs\html\struct_example_app_log__coll__graph.dot" />
    <None Include="Docs\html\struct_example_app_log-members.html" />
    <None Include="Docs\html\struct_im_bit_vector.html" />
    <None Include="Docs\html\struct_im_bit_vector.js" />
    <None Include="Docs\html\struct_im_bit_vector__coll__graph.dot" />
    <None Include="Docs\html\struct_im_bit_vector-members.html" />
    <None Include="Docs\html\struct_im_chunk_stream.html" />
    <None Include="Docs\html\struct_im_chunk_stream.js" />
    <None Include="Docs\html\struct_im_chunk_stream__coll__graph.dot" />
    <None Include="Docs\html\struct_im_chunk_stream-members.html" />
    <None Include="Docs\html\struct_im_color.html" />
    <None Include="Docs\html\struct_im_color.js" />
    <None Include="Docs\html\struct_im_color__coll__graph.dot" />
    <None Include="Docs\html\struct_im_color-members.html" />
    <None Include="Docs\html\struct_im_draw_channel.html" />
    <None Include="Docs\html\struct_im_draw_channel.js" />
    <None Include="Docs\html\struct_im_draw_channel__coll__graph.dot" />
    <None Include="Docs\html\struct_im_draw_channel-members.html" />
    <None Include="Docs\html\struct_im_draw_cmd.html" />
    <None Include="Docs\html\struct_im_draw_cmd.js" />
    <None Include="Docs\html\struct_im_draw_cmd__coll__graph.dot" />
    <None Include="Docs\html\struct_im_draw_cmd-members.html" />
    <None Include="Docs\html\struct_im_draw_data.html" />
    <None Include="Docs\html\struct_im_draw_data.js" />
    <None Include="Docs\html\struct_im_draw_data__coll__graph.dot" />
    <None Include="Docs\html\struct_im_draw_data_builder.html" />
    <None Include="Docs\html\struct_im_draw_data_builder.js" />
    <None Include="Docs\html\struct_im_draw_data_builder__coll__graph.dot" />
    <None Include="Docs\html\struct_im_draw_data_builder-members.html" />
    <None Include="Docs\html\struct_im_draw_data-members.html" />
    <None Include="Docs\html\struct_im_draw_list.html" />
    <None Include="Docs\html\struct_im_draw_list.js" />
    <None Include="Docs\html\struct_im_draw_list__coll__graph.dot" />
    <None Include="Docs\html\struct_im_draw_list_shared_data.html" />
    <None Include="Docs\html\struct_im_draw_list_shared_data.js" />
    <None Include="Docs\html\struct_im_draw_list_shared_data__coll__graph.dot" />
    <None Include="Docs\html\struct_im_draw_list_shared_data-members.html" />
    <None Include="Docs\html\struct_im_draw_list_splitter.html" />
    <None Include="Docs\html\struct_im_draw_list_splitter.js" />
    <None Include="Docs\html\struct_im_draw_list_splitter__coll__graph.dot" />
    <None Include="Docs\html\struct_im_draw_list_splitter-members.html" />
    <None Include="Docs\html\struct_im_draw_list-members.html" />
    <None Include="Docs\html\struct_im_draw_vert.html" />
    <None Include="Docs\html\struct_im_draw_vert.js" />
    <None Include="Docs\html\struct_im_draw_vert__coll__graph.dot" />
    <None Include="Docs\html\struct_im_draw_vert-members.html" />
    <None Include="Docs\html\struct_im_font.html" />
    <None Include="Docs\html\struct_im_font.js" />
    <None Include="Docs\html\struct_im_font__coll__graph.dot" />
    <None Include="Docs\html\struct_im_font_atlas.html" />
    <None Include="Docs\html\struct_im_font_atlas.js" />
    <None Include="Docs\html\struct_im_font_atlas__coll__graph.dot" />
    <None Include="Docs\html\struct_im_font_atlas_custom_rect.html" />
    <None Include="Docs\html\struct_im_font_atlas_custom_rect.js" />
    <None Include="Docs\html\struct_im_font_atlas_custom_rect__coll__graph.dot" />
    <None Include="Docs\html\struct_im_font_atlas_custom_rect-members.html" />
    <None Include="Docs\html\struct_im_font_atlas-members.html" />
    <None Include="Docs\html\struct_im_font_build_dst_data.html" />
    <None Include="Docs\html\struct_im_font_build_dst_data.js" />
    <None Include="Docs\html\struct_im_font_build_dst_data__coll__graph.dot" />
    <None Include="Docs\html\struct_im_font_build_dst_data-members.html" />
    <None Include="Docs\html\struct_im_font_build_src_data.html" />
    <None Include="Docs\html\struct_im_font_build_src_data.js" />
    <None Include="Docs\html\struct_im_font_build_src_data__coll__graph.dot" />
    <None Include="Docs\html\struct_im_font_build_src_data-members.html" />
    <None Include="Docs\html\struct_im_font_config.html" />
    <None Include="Docs\html\struct_im_font_config.js" />
    <None Include="Docs\html\struct_im_font_config__coll__graph.dot" />
    <None Include="Docs\html\struct_im_font_config-members.html" />
    <None Include="Docs\html\struct_im_font_glyph.html" />
    <None Include="Docs\html\struct_im_font_glyph.js" />
    <None Include="Docs\html\struct_im_font_glyph_ranges_builder.html" />
    <None Include="Docs\html\struct_im_font_glyph_ranges_builder.js" />
    <None Include="Docs\html\struct_im_font_glyph_ranges_builder__coll__graph.dot" />
    <None Include="Docs\html\struct_im_font_glyph_ranges_builder-members.html" />
    <None Include="Docs\html\struct_im_font_glyph-members.html" />
    <None Include="Docs\html\struct_im_font-members.html" />
    <None Include="Docs\html\struct_im_gui_color_mod.html" />
    <None Include="Docs\html\struct_im_gui_color_mod.js" />
    <None Include="Docs\html\struct_im_gui_color_mod__coll__graph.dot" />
    <None Include="Docs\html\struct_im_gui_color_mod-members.html" />
    <None Include="Docs\html\struct_im_gui_column_data.html" />
    <None Include="Docs\html\struct_im_gui_column_data.js" />
    <None Include="Docs\html\struct_im_gui_column_data__coll__graph.dot" />
    <None Include="Docs\html\struct_im_gui_column_data-members.html" />
    <None Include="Docs\html\struct_im_gui_columns.html" />
    <None Include="Docs\html\struct_im_gui_columns.js" />
    <None Include="Docs\html\struct_im_gui_columns__coll__graph.dot" />
    <None Include="Docs\html\struct_im_gui_columns-members.html" />
    <None Include="Docs\html\struct_im_gui_context.html" />
    <None Include="Docs\html\struct_im_gui_context.js" />
    <None Include="Docs\html\struct_im_gui_context__coll__graph.dot" />
    <None Include="Docs\html\struct_im_gui_context-members.html" />
    <None Include="Docs\html\struct_im_gui_data_type_info.html" />
    <None Include="Docs\html\struct_im_gui_data_type_info.js" />
    <None Include="Docs\html\struct_im_gui_data_type_info-members.html" />
    <None Include="Docs\html\struct_im_gui_group_data.html" />
    <None Include="Docs\html\struct_im_gui_group_data.js" />
    <None Include="Docs\html\struct_im_gui_group_data__coll__graph.dot" />
    <None Include="Docs\html\struct_im_gui_group_data-members.html" />
    <None Include="Docs\html\struct_im_gui_i_o.html" />
    <None Include="Docs\html\struct_im_gui_i_o.js" />
    <None Include="Docs\html\struct_im_gui_i_o__coll__graph.dot" />
    <None Include="Docs\html\struct_im_gui_i_o-members.html" />
    <None Include="Docs\html\struct_im_gui_input_text_callback_data.html" />
    <None Include="Docs\html\struct_im_gui_input_text_callback_data.js" />
    <None Include="Docs\html\struct_im_gui_input_text_callback_data-members.html" />
    <None Include="Docs\html\struct_im_gui_input_text_state.html" />
    <None Include="Docs\html\struct_im_gui_input_text_state.js" />
    <None Include="Docs\html\struct_im_gui_input_text_state__coll__graph.dot" />
    <None Include="Docs\html\struct_im_gui_input_text_state-members.html" />
    <None Include="Docs\html\struct_im_gui_item_hovered_data_backup.html" />
    <None Include="Docs\html\struct_im_gui_item_hovered_data_backup.js" />
    <None Include="Docs\html\struct_im_gui_item_hovered_data_backup__coll__graph.dot" />
    <None Include="Docs\html\struct_im_gui_item_hovered_data_backup-members.html" />
    <None Include="Docs\html\struct_im_gui_list_clipper.html" />
    <None Include="Docs\html\struct_im_gui_list_clipper.js" />
    <None Include="Docs\html\struct_im_gui_list_clipper-members.html" />
    <None Include="Docs\html\struct_im_gui_menu_columns.html" />
    <None Include="Docs\html\struct_im_gui_menu_columns.js" />
    <None Include="Docs\html\struct_im_gui_menu_columns-members.html" />
    <None Include="Docs\html\struct_im_gui_nav_move_result.html" />
    <None Include="Docs\html\struct_im_gui_nav_move_result.js" />
    <None Include="Docs\html\struct_im_gui_nav_move_result__coll__graph.dot" />
    <None Include="Docs\html\struct_im_gui_nav_move_result-members.html" />
    <None Include="Docs\html\struct_im_gui_next_item_data.html" />
    <None Include="Docs\html\struct_im_gui_next_item_data.js" />
    <None Include="Docs\html\struct_im_gui_next_item_data-members.html" />
    <None Include="Docs\html\struct_im_gui_next_window_data.html" />
    <None Include="Docs\html\struct_im_gui_next_window_data.js" />
    <None Include="Docs\html\struct_im_gui_next_window_data__coll__graph.dot" />
    <None Include="Docs\html\struct_im_gui_next_window_data-members.html" />
    <None Include="Docs\html\struct_im_gui_once_upon_a_frame.html" />
    <None Include="Docs\html\struct_im_gui_once_upon_a_frame.js" />
    <None Include="Docs\html\struct_im_gui_once_upon_a_frame-members.html" />
    <None Include="Docs\html\struct_im_gui_payload.html" />
    <None Include="Docs\html\struct_im_gui_payload.js" />
    <None Include="Docs\html\struct_im_gui_payload-members.html" />
    <None Include="Docs\html\struct_im_gui_plot_array_getter_data.html" />
    <None Include="Docs\html\struct_im_gui_plot_array_getter_data.js" />
    <None Include="Docs\html\struct_im_gui_plot_array_getter_data-members.html" />
    <None Include="Docs\html\struct_im_gui_popup_data.html" />
    <None Include="Docs\html\struct_im_gui_popup_data.js" />
    <None Include="Docs\html\struct_im_gui_popup_data__coll__graph.dot" />
    <None Include="Docs\html\struct_im_gui_popup_data-members.html" />
    <None Include="Docs\html\struct_im_gui_ptr_or_index.html" />
    <None Include="Docs\html\struct_im_gui_ptr_or_index.js" />
    <None Include="Docs\html\struct_im_gui_ptr_or_index-members.html" />
    <None Include="Docs\html\struct_im_gui_resize_grip_def.html" />
    <None Include="Docs\html\struct_im_gui_resize_grip_def.js" />
    <None Include="Docs\html\struct_im_gui_resize_grip_def__coll__graph.dot" />
    <None Include="Docs\html\struct_im_gui_resize_grip_def-members.html" />
    <None Include="Docs\html\struct_im_gui_settings_handler.html" />
    <None Include="Docs\html\struct_im_gui_settings_handler.js" />
    <None Include="Docs\html\struct_im_gui_settings_handler-members.html" />
    <None Include="Docs\html\struct_im_gui_shrink_width_item.html" />
    <None Include="Docs\html\struct_im_gui_shrink_width_item.js" />
    <None Include="Docs\html\struct_im_gui_shrink_width_item-members.html" />
    <None Include="Docs\html\struct_im_gui_size_callback_data.html" />
    <None Include="Docs\html\struct_im_gui_size_callback_data.js" />
    <None Include="Docs\html\struct_im_gui_size_callback_data__coll__graph.dot" />
    <None Include="Docs\html\struct_im_gui_size_callback_data-members.html" />
    <None Include="Docs\html\struct_im_gui_storage.html" />
    <None Include="Docs\html\struct_im_gui_storage.js" />
    <None Include="Docs\html\struct_im_gui_storage__coll__graph.dot" />
    <None Include="Docs\html\struct_im_gui_storage_1_1_im_gui_storage_pair.html" />
    <None Include="Docs\html\struct_im_gui_storage_1_1_im_gui_storage_pair.js" />
    <None Include="Docs\html\struct_im_gui_storage_1_1_im_gui_storage_pair-members.html" />
    <None Include="Docs\html\struct_im_gui_storage-members.html" />
    <None Include="Docs\html\struct_im_gui_style.html" />
    <None Include="Docs\html\struct_im_gui_style.js" />
    <None Include="Docs\html\struct_im_gui_style__coll__graph.dot" />
    <None Include="Docs\html\struct_im_gui_style_mod.html" />
    <None Include="Docs\html\struct_im_gui_style_mod.js" />
    <None Include="Docs\html\struct_im_gui_style_mod-members.html" />
    <None Include="Docs\html\struct_im_gui_style_var_info.html" />
    <None Include="Docs\html\struct_im_gui_style_var_info.js" />
    <None Include="Docs\html\struct_im_gui_style_var_info-members.html" />
    <None Include="Docs\html\struct_im_gui_style-members.html" />
    <None Include="Docs\html\struct_im_gui_tab_bar.html" />
    <None Include="Docs\html\struct_im_gui_tab_bar.js" />
    <None Include="Docs\html\struct_im_gui_tab_bar__coll__graph.dot" />
    <None Include="Docs\html\struct_im_gui_tab_bar-members.html" />
    <None Include="Docs\html\struct_im_gui_tab_item.html" />
    <None Include="Docs\html\struct_im_gui_tab_item.js" />
    <None Include="Docs\html\struct_im_gui_tab_item-members.html" />
    <None Include="Docs\html\struct_im_gui_text_buffer.html" />
    <None Include="Docs\html\struct_im_gui_text_buffer.js" />
    <None Include="Docs\html\struct_im_gui_text_buffer__coll__graph.dot" />
    <None Include="Docs\html\struct_im_gui_text_buffer-members.html" />
    <None Include="Docs\html\struct_im_gui_text_filter.html" />
    <None Include="Docs\html\struct_im_gui_text_filter.js" />
    <None Include="Docs\html\struct_im_gui_text_filter__coll__graph.dot" />
    <None Include="Docs\html\struct_im_gui_text_filter_1_1_im_gui_text_range.html" />
    <None Include="Docs\html\struct_im_gui_text_filter_1_1_im_gui_text_range.js" />
    <None Include="Docs\html\struct_im_gui_text_filter_1_1_im_gui_text_range-members.html" />
    <None Include="Docs\html\struct_im_gui_text_filter-members.html" />
    <None Include="Docs\html\struct_im_gui_window.html" />
    <None Include="Docs\html\struct_im_gui_window.js" />
    <None Include="Docs\html\struct_im_gui_window__coll__graph.dot" />
    <None Include="Docs\html\struct_im_gui_window_settings.html" />
    <None Include="Docs\html\struct_im_gui_window_settings.js" />
    <None Include="Docs\html\struct_im_gui_window_settings__coll__graph.dot" />
    <None Include="Docs\html\struct_im_gui_window_settings-members.html" />
    <None Include="Docs\html\struct_im_gui_window_temp_data.html" />
    <None Include="Docs\html\struct_im_gui_window_temp_data.js" />
    <None Include="Docs\html\struct_im_gui_window_temp_data__coll__graph.dot" />
    <None Include="Docs\html\struct_im_gui_window_temp_data-members.html" />
    <None Include="Docs\html\struct_im_gui_window-members.html" />
    <None Include="Docs\html\struct_im_new_dummy.html" />
    <None Include="Docs\html\struct_im_pool.html" />
    <None Include="Docs\html\struct_im_pool.js" />
    <None Include="Docs\html\struct_im_pool__coll__graph.dot" />
    <None Include="Docs\html\struct_im_pool-members.html" />
    <None Include="Docs\html\struct_im_rect.html" />
    <None Include="Docs\html\struct_im_rect.js" />
    <None Include="Docs\html\struct_im_rect__coll__graph.dot" />
    <None Include="Docs\html\struct_im_rect-members.html" />
    <None Include="Docs\html\struct_im_vec1.html" />
    <None Include="Docs\html\struct_im_vec1.js" />
    <None Include="Docs\html\struct_im_vec1-members.html" />
    <None Include="Docs\html\struct_im_vec2.html" />
    <None Include="Docs\html\struct_im_vec2.js" />
    <None Include="Docs\html\struct_im_vec2ih.html" />
    <None Include="Docs\html\struct_im_vec2ih.js" />
    <None Include="Docs\html\struct_im_vec2ih-members.html" />
    <None Include="Docs\html\struct_im_vec2-members.html" />
    <None Include="Docs\html\struct_im_vec4.html" />
    <None Include="Docs\html\struct_im_vec4.js" />
    <None Include="Docs\html\struct_im_vec4-members.html" />
    <None Include="Docs\html\struct_im_vector.html" />
    <None Include="Docs\html\struct_im_vector.js" />
    <None Include="Docs\html\struct_im_vector-members.html" />
    <None Include="Docs\html\struct_my_document.html" />
    <None Include="Docs\html\struct_my_document.js" />
    <None Include="Docs\html\struct_my_document__coll__graph.dot" />
    <None Include="Docs\html\struct_my_document-members.html" />
    <None Include="Docs\html\struct_s_t_b___textedit_state.html" />
    <None Include="Docs\html\struct_s_t_b___textedit_state.js" />
    <None Include="Docs\html\struct_s_t_b___textedit_state__coll__graph.dot" />
    <None Include="Docs\html\struct_s_t_b___textedit_state-members.html" />
    <None Include="Docs\html\struct_stb_textedit_row.html" />
    <None Include="Docs\html\struct_stb_textedit_row.js" />
    <None Include="Docs\html\struct_stb_textedit_row-members.html" />
    <None Include="Docs\html\struct_stb_undo_record.html" />
    <None Include="Docs\html\struct_stb_undo_record.js" />
    <None Include="Docs\html\struct_stb_undo_record-members.html" />
    <None Include="Docs\html\struct_stb_undo_state.html" />
    <None Include="Docs\html\struct_stb_undo_state.js" />
    <None Include="Docs\html\struct_stb_undo_state__coll__graph.dot" />
    <None Include="Docs\html\struct_stb_undo_state-members.html" />
    <None Include="Docs\html\structstbrp__context.html" />
    <None Include="Docs\html\structstbrp__context.js" />
    <None Include="Docs\html\structstbrp__context__coll__graph.dot" />
    <None Include="Docs\html\structstbrp__context-members.html" />
    <None Include="Docs\html\structstbrp__node.html" />
    <None Include="Docs\html\structstbrp__node.js" />
    <None Include="Docs\html\structstbrp__node__coll__graph.dot" />
    <None Include="Docs\html\structstbrp__node-members.html" />
    <None Include="Docs\html\structstbrp__rect.html" />
    <None Include="Docs\html\structstbrp__rect.js" />
    <None Include="Docs\html\structstbrp__rect-members.html" />
    <None Include="Docs\html\structstbtt____bitmap.html" />
    <None Include="Docs\html\structstbtt____bitmap.js" />
    <None Include="Docs\html\structstbtt____bitmap-members.html" />
    <None Include="Docs\html\structstbtt____buf.html" />
    <None Include="Docs\html\structstbtt____buf.js" />
    <None Include="Docs\html\structstbtt____buf-members.html" />
    <None Include="Docs\html\structstbtt__aligned__quad.html" />
    <None Include="Docs\html\structstbtt__aligned__quad.js" />
    <None Include="Docs\html\structstbtt__aligned__quad-members.html" />
    <None Include="Docs\html\structstbtt__bakedchar.html" />
    <None Include="Docs\html\structstbtt__bakedchar.js" />
    <None Include="Docs\html\structstbtt__bakedchar-members.html" />
    <None Include="Docs\html\structstbtt__fontinfo.html" />
    <None Include="Docs\html\structstbtt__fontinfo.js" />
    <None Include="Docs\html\structstbtt__fontinfo__coll__graph.dot" />
    <None Include="Docs\html\structstbtt__fontinfo-members.html" />
    <None Include="Docs\html\structstbtt__pack__context.html" />
    <None Include="Docs\html\structstbtt__pack__context.js" />
    <None Include="Docs\html\structstbtt__pack__context-members.html" />
    <None Include="Docs\html\structstbtt__pack__range.html" />
    <None Include="Docs\html\structstbtt__pack__range.js" />
    <None Include="Docs\html\structstbtt__pack__range__coll__graph.dot" />
    <None Include="Docs\html\structstbtt__pack__range-members.html" />
    <None Include="Docs\html\structstbtt__packedchar.html" />
    <None Include="Docs\html\structstbtt__packedchar.js" />
    <None Include="Docs\html\structstbtt__packedchar-members.html" />
    <None Include="Docs\html\structstbtt__vertex.html" />
    <None Include="Docs\html\structstbtt__vertex.js" />
    <None Include="Docs\html\structstbtt__vertex-members.html" />
    <None Include="Docs\html\search\all_2.html" />
    <None Include="Docs\html\search\all_3.html" />
    <None Include="Docs\html\search\all_4.html" />
    <None Include="Docs\html\search\all_5.html" />
    <None Include="Docs\html\search\all_6.html" />
    <None Include="Docs\html\search\all_7.html" />
    <None Include="Docs\html\search\all_8.html" />
    <None Include="Docs\html\search\all_9.html" />
    <None Include="Docs\html\search\all_a.html" />
    <None Include="Docs\html\search\classes_0.html" />
    <None Include="Docs\html\search\classes_1.html" />
    <None Include="Docs\html\search\classes_2.html" />
    <None Include="Docs\html\search\classes_3.html" />
    <None Include="Docs\html\search\classes_4.html" />
    <None Include="Docs\html\search\files_1.html" />
    <None Include="Docs\html\search\files_2.html" />
    <None Include="Docs\html\search\files_3.html" />
    <None Include="Docs\html\search\files_4.html" />
    <None Include="Docs\html\search\files_5.html" />
    <None Include="Docs\html\search\functions_2.html" />
    <None Include="Docs\html\search\functions_3.html" />
    <None Include="Docs\html\search\functions_4.html" />
    <None Include="Docs\html\search\functions_5.html" />
    <None Include="Docs\html\search\all_1.js" />
    <None Include="Docs\html\search\all_2.js" />
    <None Include="Docs\html\search\all_3.js" />
    <None Include="Docs\html\search\all_4.js" />
    <None Include="Docs\html\search\all_5.js" />
    <None Include="Docs\html\search\all_6.js" />
    <None Include="Docs\html\search\all_7.js" />
    <None Include="Docs\html\search\all_8.js" />
    <None Include="Docs\html\search\all_9.js" />
    <None Include="Docs\html\search\all_a.js" />
    <None Include="Docs\html\search\classes_0.js" />
    <None Include="Docs\html\search\classes_1.js" />
    <None Include="Docs\html\search\classes_2.js" />
    <None Include="Docs\html\search\classes_3.js" />
    <None Include="Docs\html\search\classes_4.js" />
    <None Include="Docs\html\search\files_1.js" />
    <None Include="Docs\html\search\files_5.js" />
    <None Include="Docs\html\search\files_4.js" />
    <None Include="Docs\html\search\files_2.js" />
    <None Include="Docs\html\search\functions_5.js" />
    <None Include="Docs\html\search\functions_4.js" />
    <None Include="Docs\html\search\functions_3.js" />
    <None Include="Docs\html\search\functions_2.js" />
    <None Include="CSGOInternal\Settings\SimpleSettings.cfg" />
  </ItemGroup>
  <ItemGroup>
    <Text Include="LICENSE" />
    <Text Include="CSGOInternal\ImGui\LICENSE.txt" />
    <Text Include="HACKING.txt" />
    <Text Include="TODO.txt" />
  </ItemGroup>
  <ItemGroup>
    <ClCompile Include="CSGOInternal\DllMain.cc">
      <Filter>Source Files</Filter>
    </ClCompile>
    <ClCompile Include="CSGOInternal\Hooks\Memory.cc">
      <Filter>Source Files</Filter>
    </ClCompile>
    <ClCompile Include="CSGOInternal\Hooks\Hooks.cc">
      <Filter>Source Files</Filter>
    </ClCompile>
    <ClCompile Include="CSGOInternal\Gateway.cc">
      <Filter>Source Files</Filter>
    </ClCompile>
    <ClCompile Include="CSGOInternal\D3D9\DummyDevice.cc">
      <Filter>Source Files</Filter>
    </ClCompile>
    <ClCompile Include="CSGOInternal\ImGui\imgui.cpp">
      <Filter>Source Files</Filter>
    </ClCompile>
    <ClCompile Include="CSGOInternal\ImGui\imgui_demo.cpp">
      <Filter>Source Files</Filter>
    </ClCompile>
    <ClCompile Include="CSGOInternal\ImGui\imgui_draw.cpp">
      <Filter>Source Files</Filter>
    </ClCompile>
    <ClCompile Include="CSGOInternal\ImGui\imgui_impl_dx9.cpp">
      <Filter>Source Files</Filter>
    </ClCompile>
    <ClCompile Include="CSGOInternal\ImGui\imgui_impl_win32.cpp">
      <Filter>Source Files</Filter>
    </ClCompile>
    <ClCompile Include="CSGOInternal\ImGui\imgui_widgets.cpp">
      <Filter>Source Files</Filter>
    </ClCompile>
    <ClCompile Include="CSGOInternal\Source SDK\Interfaces.cpp">
      <Filter>Source Files</Filter>
    </ClCompile>
    <ClCompile Include="CSGOInternal\Source SDK\Netvars.cc">
      <Filter>Source Files</Filter>
    </ClCompile>
    <ClCompile Include="CSGOInternal\MainLoop.cc">
      <Filter>Source Files</Filter>
    </ClCompile>
    <ClCompile Include="CSGOInternal\Settings\Settings.cc">
      <Filter>Source Files</Filter>
    </ClCompile>
    <ClCompile Include="CSGOInternal\Source SDK\Vectors.cc">
      <Filter>Source Files</Filter>
    </ClCompile>
  </ItemGroup>
  <ItemGroup>
    <ClInclude Include="CSGOInternal\Hooks\Memory.hpp">
      <Filter>Header Files</Filter>
    </ClInclude>
    <ClInclude Include="CSGOInternal\Hooks\Hooks.hpp">
      <Filter>Header Files</Filter>
    </ClInclude>
    <ClInclude Include="CSGOInternal\D3D9\DummyDevice.hpp">
      <Filter>Header Files</Filter>
    </ClInclude>
    <ClInclude Include="Dependencies\DirectX9SDK\Include\audiodefs.h">
      <Filter>Header Files</Filter>
    </ClInclude>
    <ClInclude Include="Dependencies\DirectX9SDK\Include\comdecl.h">
      <Filter>Header Files</Filter>
    </ClInclude>
    <ClInclude Include="Dependencies\DirectX9SDK\Include\D2D1.h">
      <Filter>Header Files</Filter>
    </ClInclude>
    <ClInclude Include="Dependencies\DirectX9SDK\Include\D2D1Helper.h">
      <Filter>Header Files</Filter>
    </ClInclude>
    <ClInclude Include="Dependencies\DirectX9SDK\Include\D2DBaseTypes.h">
      <Filter>Header Files</Filter>
    </ClInclude>
    <ClInclude Include="Dependencies\DirectX9SDK\Include\D2Derr.h">
      <Filter>Header Files</Filter>
    </ClInclude>
    <ClInclude Include="Dependencies\DirectX9SDK\Include\d3d9.h">
      <Filter>Header Files</Filter>
    </ClInclude>
    <ClInclude Include="Dependencies\DirectX9SDK\Include\d3d9caps.h">
      <Filter>Header Files</Filter>
    </ClInclude>
    <ClInclude Include="Dependencies\DirectX9SDK\Include\d3d9types.h">
      <Filter>Header Files</Filter>
    </ClInclude>
    <ClInclude Include="Dependencies\DirectX9SDK\Include\D3D10.h">
      <Filter>Header Files</Filter>
    </ClInclude>
    <ClInclude Include="Dependencies\DirectX9SDK\Include\D3D10_1.h">
      <Filter>Header Files</Filter>
    </ClInclude>
    <ClInclude Include="Dependencies\DirectX9SDK\Include\D3D10_1shader.h">
      <Filter>Header Files</Filter>
    </ClInclude>
    <ClInclude Include="Dependencies\DirectX9SDK\Include\D3D10effect.h">
      <Filter>Header Files</Filter>
    </ClInclude>
    <ClInclude Include="Dependencies\DirectX9SDK\Include\d3d10misc.h">
      <Filter>Header Files</Filter>
    </ClInclude>
    <ClInclude Include="Dependencies\DirectX9SDK\Include\d3d10sdklayers.h">
      <Filter>Header Files</Filter>
    </ClInclude>
    <ClInclude Include="Dependencies\DirectX9SDK\Include\D3D10shader.h">
      <Filter>Header Files</Filter>
    </ClInclude>
    <ClInclude Include="Dependencies\DirectX9SDK\Include\D3D11.h">
      <Filter>Header Files</Filter>
    </ClInclude>
    <ClInclude Include="Dependencies\DirectX9SDK\Include\D3D11SDKLayers.h">
      <Filter>Header Files</Filter>
    </ClInclude>
    <ClInclude Include="Dependencies\DirectX9SDK\Include\D3D11Shader.h">
      <Filter>Header Files</Filter>
    </ClInclude>
    <ClInclude Include="Dependencies\DirectX9SDK\Include\D3Dcommon.h">
      <Filter>Header Files</Filter>
    </ClInclude>
    <ClInclude Include="Dependencies\DirectX9SDK\Include\D3Dcompiler.h">
      <Filter>Header Files</Filter>
    </ClInclude>
    <ClInclude Include="Dependencies\DirectX9SDK\Include\D3DCSX.h">
      <Filter>Header Files</Filter>
    </ClInclude>
    <ClInclude Include="Dependencies\DirectX9SDK\Include\d3dx9.h">
      <Filter>Header Files</Filter>
    </ClInclude>
    <ClInclude Include="Dependencies\DirectX9SDK\Include\d3dx9anim.h">
      <Filter>Header Files</Filter>
    </ClInclude>
    <ClInclude Include="Dependencies\DirectX9SDK\Include\d3dx9core.h">
      <Filter>Header Files</Filter>
    </ClInclude>
    <ClInclude Include="Dependencies\DirectX9SDK\Include\d3dx9effect.h">
      <Filter>Header Files</Filter>
    </ClInclude>
    <ClInclude Include="Dependencies\DirectX9SDK\Include\d3dx9math.h">
      <Filter>Header Files</Filter>
    </ClInclude>
    <ClInclude Include="Dependencies\DirectX9SDK\Include\d3dx9mesh.h">
      <Filter>Header Files</Filter>
    </ClInclude>
    <ClInclude Include="Dependencies\DirectX9SDK\Include\d3dx9shader.h">
      <Filter>Header Files</Filter>
    </ClInclude>
    <ClInclude Include="Dependencies\DirectX9SDK\Include\d3dx9shape.h">
      <Filter>Header Files</Filter>
    </ClInclude>
    <ClInclude Include="Dependencies\DirectX9SDK\Include\d3dx9tex.h">
      <Filter>Header Files</Filter>
    </ClInclude>
    <ClInclude Include="Dependencies\DirectX9SDK\Include\d3dx9xof.h">
      <Filter>Header Files</Filter>
    </ClInclude>
    <ClInclude Include="Dependencies\DirectX9SDK\Include\D3DX10.h">
      <Filter>Header Files</Filter>
    </ClInclude>
    <ClInclude Include="Dependencies\DirectX9SDK\Include\d3dx10async.h">
      <Filter>Header Files</Filter>
    </ClInclude>
    <ClInclude Include="Dependencies\DirectX9SDK\Include\D3DX10core.h">
      <Filter>Header Files</Filter>
    </ClInclude>
    <ClInclude Include="Dependencies\DirectX9SDK\Include\D3DX10math.h">
      <Filter>Header Files</Filter>
    </ClInclude>
    <ClInclude Include="Dependencies\DirectX9SDK\Include\D3DX10mesh.h">
      <Filter>Header Files</Filter>
    </ClInclude>
    <ClInclude Include="Dependencies\DirectX9SDK\Include\D3DX10tex.h">
      <Filter>Header Files</Filter>
    </ClInclude>
    <ClInclude Include="Dependencies\DirectX9SDK\Include\D3DX11.h">
      <Filter>Header Files</Filter>
    </ClInclude>
    <ClInclude Include="Dependencies\DirectX9SDK\Include\D3DX11async.h">
      <Filter>Header Files</Filter>
    </ClInclude>
    <ClInclude Include="Dependencies\DirectX9SDK\Include\D3DX11core.h">
      <Filter>Header Files</Filter>
    </ClInclude>
    <ClInclude Include="Dependencies\DirectX9SDK\Include\D3DX11tex.h">
      <Filter>Header Files</Filter>
    </ClInclude>
    <ClInclude Include="Dependencies\DirectX9SDK\Include\Dcommon.h">
      <Filter>Header Files</Filter>
    </ClInclude>
    <ClInclude Include="Dependencies\DirectX9SDK\Include\dinput.h">
      <Filter>Header Files</Filter>
    </ClInclude>
    <ClInclude Include="Dependencies\DirectX9SDK\Include\dinputd.h">
      <Filter>Header Files</Filter>
    </ClInclude>
    <ClInclude Include="Dependencies\DirectX9SDK\Include\dsconf.h">
      <Filter>Header Files</Filter>
    </ClInclude>
    <ClInclude Include="Dependencies\DirectX9SDK\Include\dsetup.h">
      <Filter>Header Files</Filter>
    </ClInclude>
    <ClInclude Include="Dependencies\DirectX9SDK\Include\dsound.h">
      <Filter>Header Files</Filter>
    </ClInclude>
    <ClInclude Include="Dependencies\DirectX9SDK\Include\DWrite.h">
      <Filter>Header Files</Filter>
    </ClInclude>
    <ClInclude Include="Dependencies\DirectX9SDK\Include\dxdiag.h">
      <Filter>Header Files</Filter>
    </ClInclude>
    <ClInclude Include="Dependencies\DirectX9SDK\Include\DxErr.h">
      <Filter>Header Files</Filter>
    </ClInclude>
    <ClInclude Include="Dependencies\DirectX9SDK\Include\dxfile.h">
      <Filter>Header Files</Filter>
    </ClInclude>
    <ClInclude Include="Dependencies\DirectX9SDK\Include\DXGI.h">
      <Filter>Header Files</Filter>
    </ClInclude>
    <ClInclude Include="Dependencies\DirectX9SDK\Include\DXGIFormat.h">
      <Filter>Header Files</Filter>
    </ClInclude>
    <ClInclude Include="Dependencies\DirectX9SDK\Include\DXGIType.h">
      <Filter>Header Files</Filter>
    </ClInclude>
    <ClInclude Include="Dependencies\DirectX9SDK\Include\dxsdkver.h">
      <Filter>Header Files</Filter>
    </ClInclude>
    <ClInclude Include="Dependencies\DirectX9SDK\Include\gameux.h">
      <Filter>Header Files</Filter>
    </ClInclude>
    <ClInclude Include="Dependencies\DirectX9SDK\Include\PIXPlugin.h">
      <Filter>Header Files</Filter>
    </ClInclude>
    <ClInclude Include="Dependencies\DirectX9SDK\Include\rmxfguid.h">
      <Filter>Header Files</Filter>
    </ClInclude>
    <ClInclude Include="Dependencies\DirectX9SDK\Include\rmxftmpl.h">
      <Filter>Header Files</Filter>
    </ClInclude>
    <ClInclude Include="Dependencies\DirectX9SDK\Include\rpcsal.h">
      <Filter>Header Files</Filter>
    </ClInclude>
    <ClInclude Include="Dependencies\DirectX9SDK\Include\X3DAudio.h">
      <Filter>Header Files</Filter>
    </ClInclude>
    <ClInclude Include="Dependencies\DirectX9SDK\Include\xact3.h">
      <Filter>Header Files</Filter>
    </ClInclude>
    <ClInclude Include="Dependencies\DirectX9SDK\Include\xact3d3.h">
      <Filter>Header Files</Filter>
    </ClInclude>
    <ClInclude Include="Dependencies\DirectX9SDK\Include\xact3wb.h">
      <Filter>Header Files</Filter>
    </ClInclude>
    <ClInclude Include="Dependencies\DirectX9SDK\Include\XAPO.h">
      <Filter>Header Files</Filter>
    </ClInclude>
    <ClInclude Include="Dependencies\DirectX9SDK\Include\XAPOBase.h">
      <Filter>Header Files</Filter>
    </ClInclude>
    <ClInclude Include="Dependencies\DirectX9SDK\Include\XAPOFX.h">
      <Filter>Header Files</Filter>
    </ClInclude>
    <ClInclude Include="Dependencies\DirectX9SDK\Include\XAudio2.h">
      <Filter>Header Files</Filter>
    </ClInclude>
    <ClInclude Include="Dependencies\DirectX9SDK\Include\XAudio2fx.h">
      <Filter>Header Files</Filter>
    </ClInclude>
    <ClInclude Include="Dependencies\DirectX9SDK\Include\XDSP.h">
      <Filter>Header Files</Filter>
    </ClInclude>
    <ClInclude Include="Dependencies\DirectX9SDK\Include\XInput.h">
      <Filter>Header Files</Filter>
    </ClInclude>
    <ClInclude Include="Dependencies\DirectX9SDK\Include\xma2defs.h">
      <Filter>Header Files</Filter>
    </ClInclude>
    <ClInclude Include="Dependencies\DirectX9SDK\Include\xnamath.h">
      <Filter>Header Files</Filter>
    </ClInclude>
    <ClInclude Include="CSGOInternal\ImGui\imconfig.h">
      <Filter>Header Files</Filter>
    </ClInclude>
    <ClInclude Include="CSGOInternal\ImGui\imgui.h">
      <Filter>Header Files</Filter>
    </ClInclude>
    <ClInclude Include="CSGOInternal\ImGui\imgui_impl_dx9.h">
      <Filter>Header Files</Filter>
    </ClInclude>
    <ClInclude Include="CSGOInternal\ImGui\imgui_impl_win32.h">
      <Filter>Header Files</Filter>
    </ClInclude>
    <ClInclude Include="CSGOInternal\ImGui\imgui_internal.h">
      <Filter>Header Files</Filter>
    </ClInclude>
    <ClInclude Include="CSGOInternal\ImGui\imstb_rectpack.h">
      <Filter>Header Files</Filter>
    </ClInclude>
    <ClInclude Include="CSGOInternal\ImGui\imstb_textedit.h">
      <Filter>Header Files</Filter>
    </ClInclude>
    <ClInclude Include="CSGOInternal\ImGui\imstb_truetype.h">
      <Filter>Header Files</Filter>
    </ClInclude>
    <ClInclude Include="CSGOInternal\Source SDK\Strings.hpp">
      <Filter>Header Files</Filter>
    </ClInclude>
    <ClInclude Include="CSGOInternal\Source SDK\SDK.hpp">
      <Filter>Header Files</Filter>
    </ClInclude>
    <ClInclude Include="CSGOInternal\Keys.hpp">
      <Filter>Header Files</Filter>
    </ClInclude>
    <ClInclude Include="CSGOInternal\Source SDK\Interfaces.hpp">
      <Filter>Header Files</Filter>
    </ClInclude>
    <ClInclude Include="CSGOInternal\Source SDK\Netvars.hpp">
      <Filter>Header Files</Filter>
    </ClInclude>
    <ClInclude Include="CSGOInternal\Settings\Settings.hpp">
      <Filter>Header Files</Filter>
    </ClInclude>
    <ClInclude Include="CSGOInternal\Source SDK\EntityPlayer.hpp">
      <Filter>Header Files</Filter>
    </ClInclude>
    <ClInclude Include="CSGOInternal\Source SDK\Vectors.hpp">
      <Filter>Header Files</Filter>
    </ClInclude>
    <ClInclude Include="CSGOInternal\Source SDK\Signatures.hpp">
      <Filter>Header Files</Filter>
    </ClInclude>
  </ItemGroup>
  <ItemGroup>
    <Image Include="Docs\html\folderclosed.png">
      <Filter>Resource Files</Filter>
    </Image>
    <Image Include="Docs\html\bc_s.png">
      <Filter>Resource Files</Filter>
    </Image>
    <Image Include="Docs\html\bdwn.png">
      <Filter>Resource Files</Filter>
    </Image>
    <Image Include="Docs\html\closed.png">
      <Filter>Resource Files</Filter>
    </Image>
    <Image Include="Docs\html\doc.png">
      <Filter>Resource Files</Filter>
    </Image>
    <Image Include="Docs\html\doxygen.png">
      <Filter>Resource Files</Filter>
    </Image>
    <Image Include="Docs\html\folderopen.png">
      <Filter>Resource Files</Filter>
    </Image>
    <Image Include="Docs\html\nav_f.png">
      <Filter>Resource Files</Filter>
    </Image>
    <Image Include="Docs\html\nav_g.png">
      <Filter>Resource Files</Filter>
    </Image>
    <Image Include="Docs\html\nav_h.png">
      <Filter>Resource Files</Filter>
    </Image>
    <Image Include="Docs\html\open.png">
      <Filter>Resource Files</Filter>
    </Image>
    <Image Include="Docs\html\splitbar.png">
      <Filter>Resource Files</Filter>
    </Image>
    <Image Include="Docs\html\sync_off.png">
      <Filter>Resource Files</Filter>
    </Image>
    <Image Include="Docs\html\sync_on.png">
      <Filter>Resource Files</Filter>
    </Image>
    <Image Include="Docs\html\tab_a.png">
      <Filter>Resource Files</Filter>
    </Image>
    <Image Include="Docs\html\tab_b.png">
      <Filter>Resource Files</Filter>
    </Image>
    <Image Include="Docs\html\tab_h.png">
      <Filter>Resource Files</Filter>
    </Image>
    <Image Include="Docs\html\tab_s.png">
      <Filter>Resource Files</Filter>
    </Image>
    <Image Include="Docs\html\search\mag_sel.png">
      <Filter>Resource Files</Filter>
    </Image>
    <Image Include="Docs\html\search\search_l.png">
      <Filter>Resource Files</Filter>
    </Image>
    <Image Include="Docs\html\search\search_r.png">
      <Filter>Resource Files</Filter>
    </Image>
    <Image Include="Docs\html\search\search_m.png">
      <Filter>Resource Files</Filter>
    </Image>
    <Image Include="Docs\html\search\close.png">
      <Filter>Resource Files</Filter>
    </Image>
  </ItemGroup>
  <ItemGroup>
    <Library Include="Dependencies\DirectX9SDK\Lib\d3d9.lib" />
    <Library Include="Dependencies\DirectX9SDK\Lib\d3dx9.lib" />
  </ItemGroup>
</Project>