<?xml version="1.0" encoding="utf-8"?>
<Project ToolsVersion="4.0" xmlns="http://schemas.microsoft.com/developer/msbuild/2003">
  <ItemGroup>
    <Filter Include="Source Files">
      <UniqueIdentifier>{4FC737F1-C7A5-4376-A066-2A32D752A2FF}</UniqueIdentifier>
      <Extensions>cpp;c;cc;cxx;c++;def;odl;idl;hpj;bat;asm;asmx</Extensions>
    </Filter>
    <Filter Include="Header Files">
      <UniqueIdentifier>{93995380-89BD-4b04-88EB-625FBE52EBFB}</UniqueIdentifier>
      <Extensions>h;hh;hpp;hxx;h++;hm;inl;inc;ipp;xsd</Extensions>
    </Filter>
    <Filter Include="Resource Files">
      <UniqueIdentifier>{67DA6AB6-F800-4c08-8B7A-83BB121AAD01}</UniqueIdentifier>
      <Extensions>rc;ico;cur;bmp;dlg;rc2;rct;bin;rgs;gif;jpg;jpeg;jpe;resx;tiff;tif;png;wav;mfcribbon-ms</Extensions>
    </Filter>
  </ItemGroup>
  <ItemGroup>
    <None Include="README.md" />
    <None Include="Doxyfile" />
    <None Include="Docs\html\search\all_0.html" />
    <None Include="Docs\html\search\all_1.html" />
    <None Include="Docs\html\search\files_0.html" />
    <None Include="Docs\html\search\functions_0.html" />
    <None Include="Docs\html\search\functions_1.html" />
    <None Include="Docs\html\search\nomatches.html" />
    <None Include="Docs\html\_dll_main_8cc.html" />
    <None Include="Docs\html\dir_652ee0fff7656cf5bea923779d35b27f.html" />
    <None Include="Docs\html\files.html" />
    <None Include="Docs\html\globals.html" />
    <None Include="Docs\html\globals_func.html" />
    <None Include="Docs\html\graph_legend.html" />
    <None Include="Docs\html\index.html" />
    <None Include="Docs\html\_dll_main_8cc__incl.dot" />
    <None Include="Docs\html\doxygen.css" />
    <None Include="Docs\html\dynsections.js" />
    <None Include="Docs\html\graph_legend.dot" />
    <None Include="Docs\html\jquery.js" />
    <None Include="Docs\html\menu.js" />
    <None Include="Docs\html\menudata.js" />
    <None Include="Docs\html\tabs.css" />
    <None Include="Docs\latex\_dll_main_8cc.tex" />
    <None Include="Docs\latex\_dll_main_8cc.tex.tmp" />
    <None Include="Docs\latex\_dll_main_8cc__incl.dot" />
    <None Include="Docs\latex\doxygen.sty" />
    <None Include="Docs\latex\files.tex" />
    <None Include="Docs\latex\longtable_doxygen.sty" />
    <None Include="Docs\latex\make.bat">
      <Filter>Source Files</Filter>
    </None>
    <None Include="Docs\latex\Makefile" />
    <None Include="Docs\latex\refman.tex" />
    <None Include="Docs\latex\tabu_doxygen.sty" />
    <None Include="Docs\html\search\all_0.js" />
    <None Include="Docs\html\search\files_0.js" />
    <None Include="Docs\html\search\functions_0.js" />
    <None Include="Docs\html\search\functions_1.js" />
    <None Include="Docs\html\search\search.css" />
    <None Include="Docs\html\search\search.js" />
    <None Include="Docs\html\search\searchdata.js" />
  </ItemGroup>
  <ItemGroup>
    <Text Include="LICENSE" />
  </ItemGroup>
  <ItemGroup>
    <ClCompile Include="CSGOInternal\DllMain.cc">
      <Filter>Source Files</Filter>
    </ClCompile>
    <ClCompile Include="CSGOInternal\Hooks\Memory.cc">
      <Filter>Source Files</Filter>
    </ClCompile>
    <ClCompile Include="CSGOInternal\Hooks\Hooks.cc">
      <Filter>Source Files</Filter>
    </ClCompile>
  </ItemGroup>
  <ItemGroup>
    <ClInclude Include="CSGOInternal\Hooks\Memory.hpp">
      <Filter>Header Files</Filter>
    </ClInclude>
    <ClInclude Include="CSGOInternal\Hooks\Hooks.hpp">
      <Filter>Header Files</Filter>
    </ClInclude>
  </ItemGroup>
  <ItemGroup>
    <Image Include="Docs\html\folderclosed.png">
      <Filter>Resource Files</Filter>
    </Image>
    <Image Include="Docs\html\bc_s.png">
      <Filter>Resource Files</Filter>
    </Image>
    <Image Include="Docs\html\bdwn.png">
      <Filter>Resource Files</Filter>
    </Image>
    <Image Include="Docs\html\closed.png">
      <Filter>Resource Files</Filter>
    </Image>
    <Image Include="Docs\html\doc.png">
      <Filter>Resource Files</Filter>
    </Image>
    <Image Include="Docs\html\doxygen.png">
      <Filter>Resource Files</Filter>
    </Image>
    <Image Include="Docs\html\folderopen.png">
      <Filter>Resource Files</Filter>
    </Image>
    <Image Include="Docs\html\nav_f.png">
      <Filter>Resource Files</Filter>
    </Image>
    <Image Include="Docs\html\nav_g.png">
      <Filter>Resource Files</Filter>
    </Image>
    <Image Include="Docs\html\nav_h.png">
      <Filter>Resource Files</Filter>
    </Image>
    <Image Include="Docs\html\open.png">
      <Filter>Resource Files</Filter>
    </Image>
    <Image Include="Docs\html\splitbar.png">
      <Filter>Resource Files</Filter>
    </Image>
    <Image Include="Docs\html\sync_off.png">
      <Filter>Resource Files</Filter>
    </Image>
    <Image Include="Docs\html\sync_on.png">
      <Filter>Resource Files</Filter>
    </Image>
    <Image Include="Docs\html\tab_a.png">
      <Filter>Resource Files</Filter>
    </Image>
    <Image Include="Docs\html\tab_b.png">
      <Filter>Resource Files</Filter>
    </Image>
    <Image Include="Docs\html\tab_h.png">
      <Filter>Resource Files</Filter>
    </Image>
    <Image Include="Docs\html\tab_s.png">
      <Filter>Resource Files</Filter>
    </Image>
    <Image Include="Docs\html\search\mag_sel.png">
      <Filter>Resource Files</Filter>
    </Image>
    <Image Include="Docs\html\search\search_l.png">
      <Filter>Resource Files</Filter>
    </Image>
    <Image Include="Docs\html\search\search_r.png">
      <Filter>Resource Files</Filter>
    </Image>
    <Image Include="Docs\html\search\search_m.png">
      <Filter>Resource Files</Filter>
    </Image>
  </ItemGroup>
</Project>