<?xml version="1.0" encoding="utf-8"?>
<Project ToolsVersion="4.0" xmlns="http://schemas.microsoft.com/developer/msbuild/2003">
  <ItemGroup>
    <Filter Include="Source Files">
      <UniqueIdentifier>{4FC737F1-C7A5-4376-A066-2A32D752A2FF}</UniqueIdentifier>
      <Extensions>cpp;c;cc;cxx;c++;def;odl;idl;hpj;bat;asm;asmx</Extensions>
    </Filter>
    <Filter Include="Header Files">
      <UniqueIdentifier>{93995380-89BD-4b04-88EB-625FBE52EBFB}</UniqueIdentifier>
      <Extensions>h;hh;hpp;hxx;h++;hm;inl;inc;ipp;xsd</Extensions>
    </Filter>
    <Filter Include="Resource Files">
      <UniqueIdentifier>{67DA6AB6-F800-4c08-8B7A-83BB121AAD01}</UniqueIdentifier>
      <Extensions>rc;ico;cur;bmp;dlg;rc2;rct;bin;rgs;gif;jpg;jpeg;jpe;resx;tiff;tif;png;wav;mfcribbon-ms</Extensions>
    </Filter>
  </ItemGroup>
  <ItemGroup>
    <None Include="README.md" />
    <None Include="Doxyfile" />
    <None Include="Docs\html\search\all_0.html" />
    <None Include="Docs\html\search\all_1.html" />
    <None Include="Docs\html\search\files_0.html" />
    <None Include="Docs\html\search\functions_0.html" />
    <None Include="Docs\html\search\functions_1.html" />
    <None Include="Docs\html\search\nomatches.html" />
    <None Include="Docs\html\_dll_main_8cc.html" />
    <None Include="Docs\html\dir_652ee0fff7656cf5bea923779d35b27f.html" />
    <None Include="Docs\html\files.html" />
    <None Include="Docs\html\globals.html" />
    <None Include="Docs\html\globals_func.html" />
    <None Include="Docs\html\graph_legend.html" />
    <None Include="Docs\html\index.html" />
    <None Include="Docs\html\_dll_main_8cc__incl.dot" />
    <None Include="Docs\html\doxygen.css" />
    <None Include="Docs\html\dynsections.js" />
    <None Include="Docs\html\graph_legend.dot" />
    <None Include="Docs\html\jquery.js" />
    <None Include="Docs\html\menu.js" />
    <None Include="Docs\html\menudata.js" />
    <None Include="Docs\html\tabs.css" />
    <None Include="Docs\latex\_dll_main_8cc.tex" />
    <None Include="Docs\latex\_dll_main_8cc.tex.tmp" />
    <None Include="Docs\latex\_dll_main_8cc__incl.dot" />
    <None Include="Docs\latex\doxygen.sty" />
    <None Include="Docs\latex\files.tex" />
    <None Include="Docs\latex\longtable_doxygen.sty" />
    <None Include="Docs\latex\make.bat">
      <Filter>Source Files</Filter>
    </None>
    <None Include="Docs\latex\Makefile" />
    <None Include="Docs\latex\refman.tex" />
    <None Include="Docs\latex\tabu_doxygen.sty" />
    <None Include="Docs\html\search\all_0.js" />
    <None Include="Docs\html\search\files_0.js" />
    <None Include="Docs\html\search\functions_0.js" />
    <None Include="Docs\html\search\functions_1.js" />
    <None Include="Docs\html\search\search.css" />
    <None Include="Docs\html\search\search.js" />
    <None Include="Docs\html\search\searchdata.js" />
    <None Include="Dependencies\DirectX9SDK\Include\D3DX_DXGIFormatConvert.inl">
      <Filter>Header Files</Filter>
    </None>
    <None Include="Dependencies\DirectX9SDK\Include\d3dx9math.inl">
      <Filter>Header Files</Filter>
    </None>
    <None Include="Dependencies\DirectX9SDK\Include\D3DX10math.inl">
      <Filter>Header Files</Filter>
    </None>
    <None Include="Dependencies\DirectX9SDK\Include\xnamathconvert.inl">
      <Filter>Header Files</Filter>
    </None>
    <None Include="Dependencies\DirectX9SDK\Include\xnamathmatrix.inl">
      <Filter>Header Files</Filter>
    </None>
    <None Include="Dependencies\DirectX9SDK\Include\xnamathmisc.inl">
      <Filter>Header Files</Filter>
    </None>
    <None Include="Dependencies\DirectX9SDK\Include\xnamathvector.inl">
      <Filter>Header Files</Filter>
    </None>
  </ItemGroup>
  <ItemGroup>
    <Text Include="LICENSE" />
    <Text Include="CSGOInternal\ImGui\LICENSE.txt" />
  </ItemGroup>
  <ItemGroup>
    <ClCompile Include="CSGOInternal\DllMain.cc">
      <Filter>Source Files</Filter>
    </ClCompile>
    <ClCompile Include="CSGOInternal\Hooks\Memory.cc">
      <Filter>Source Files</Filter>
    </ClCompile>
    <ClCompile Include="CSGOInternal\Hooks\Hooks.cc">
      <Filter>Source Files</Filter>
    </ClCompile>
    <ClCompile Include="CSGOInternal\Gateway.cc">
      <Filter>Source Files</Filter>
    </ClCompile>
    <ClCompile Include="CSGOInternal\D3D9\DummyDevice.cc">
      <Filter>Source Files</Filter>
    </ClCompile>
    <ClCompile Include="CSGOInternal\ImGui\imgui.cpp">
      <Filter>Source Files</Filter>
    </ClCompile>
    <ClCompile Include="CSGOInternal\ImGui\imgui_demo.cpp">
      <Filter>Source Files</Filter>
    </ClCompile>
    <ClCompile Include="CSGOInternal\ImGui\imgui_draw.cpp">
      <Filter>Source Files</Filter>
    </ClCompile>
    <ClCompile Include="CSGOInternal\ImGui\imgui_impl_dx9.cpp">
      <Filter>Source Files</Filter>
    </ClCompile>
    <ClCompile Include="CSGOInternal\ImGui\imgui_impl_win32.cpp">
      <Filter>Source Files</Filter>
    </ClCompile>
    <ClCompile Include="CSGOInternal\ImGui\imgui_widgets.cpp">
      <Filter>Source Files</Filter>
    </ClCompile>
  </ItemGroup>
  <ItemGroup>
    <ClInclude Include="CSGOInternal\Hooks\Memory.hpp">
      <Filter>Header Files</Filter>
    </ClInclude>
    <ClInclude Include="CSGOInternal\Hooks\Hooks.hpp">
      <Filter>Header Files</Filter>
    </ClInclude>
    <ClInclude Include="CSGOInternal\D3D9\DummyDevice.hpp">
      <Filter>Header Files</Filter>
    </ClInclude>
    <ClInclude Include="Dependencies\DirectX9SDK\Include\audiodefs.h">
      <Filter>Header Files</Filter>
    </ClInclude>
    <ClInclude Include="Dependencies\DirectX9SDK\Include\comdecl.h">
      <Filter>Header Files</Filter>
    </ClInclude>
    <ClInclude Include="Dependencies\DirectX9SDK\Include\D2D1.h">
      <Filter>Header Files</Filter>
    </ClInclude>
    <ClInclude Include="Dependencies\DirectX9SDK\Include\D2D1Helper.h">
      <Filter>Header Files</Filter>
    </ClInclude>
    <ClInclude Include="Dependencies\DirectX9SDK\Include\D2DBaseTypes.h">
      <Filter>Header Files</Filter>
    </ClInclude>
    <ClInclude Include="Dependencies\DirectX9SDK\Include\D2Derr.h">
      <Filter>Header Files</Filter>
    </ClInclude>
    <ClInclude Include="Dependencies\DirectX9SDK\Include\d3d9.h">
      <Filter>Header Files</Filter>
    </ClInclude>
    <ClInclude Include="Dependencies\DirectX9SDK\Include\d3d9caps.h">
      <Filter>Header Files</Filter>
    </ClInclude>
    <ClInclude Include="Dependencies\DirectX9SDK\Include\d3d9types.h">
      <Filter>Header Files</Filter>
    </ClInclude>
    <ClInclude Include="Dependencies\DirectX9SDK\Include\D3D10.h">
      <Filter>Header Files</Filter>
    </ClInclude>
    <ClInclude Include="Dependencies\DirectX9SDK\Include\D3D10_1.h">
      <Filter>Header Files</Filter>
    </ClInclude>
    <ClInclude Include="Dependencies\DirectX9SDK\Include\D3D10_1shader.h">
      <Filter>Header Files</Filter>
    </ClInclude>
    <ClInclude Include="Dependencies\DirectX9SDK\Include\D3D10effect.h">
      <Filter>Header Files</Filter>
    </ClInclude>
    <ClInclude Include="Dependencies\DirectX9SDK\Include\d3d10misc.h">
      <Filter>Header Files</Filter>
    </ClInclude>
    <ClInclude Include="Dependencies\DirectX9SDK\Include\d3d10sdklayers.h">
      <Filter>Header Files</Filter>
    </ClInclude>
    <ClInclude Include="Dependencies\DirectX9SDK\Include\D3D10shader.h">
      <Filter>Header Files</Filter>
    </ClInclude>
    <ClInclude Include="Dependencies\DirectX9SDK\Include\D3D11.h">
      <Filter>Header Files</Filter>
    </ClInclude>
    <ClInclude Include="Dependencies\DirectX9SDK\Include\D3D11SDKLayers.h">
      <Filter>Header Files</Filter>
    </ClInclude>
    <ClInclude Include="Dependencies\DirectX9SDK\Include\D3D11Shader.h">
      <Filter>Header Files</Filter>
    </ClInclude>
    <ClInclude Include="Dependencies\DirectX9SDK\Include\D3Dcommon.h">
      <Filter>Header Files</Filter>
    </ClInclude>
    <ClInclude Include="Dependencies\DirectX9SDK\Include\D3Dcompiler.h">
      <Filter>Header Files</Filter>
    </ClInclude>
    <ClInclude Include="Dependencies\DirectX9SDK\Include\D3DCSX.h">
      <Filter>Header Files</Filter>
    </ClInclude>
    <ClInclude Include="Dependencies\DirectX9SDK\Include\d3dx9.h">
      <Filter>Header Files</Filter>
    </ClInclude>
    <ClInclude Include="Dependencies\DirectX9SDK\Include\d3dx9anim.h">
      <Filter>Header Files</Filter>
    </ClInclude>
    <ClInclude Include="Dependencies\DirectX9SDK\Include\d3dx9core.h">
      <Filter>Header Files</Filter>
    </ClInclude>
    <ClInclude Include="Dependencies\DirectX9SDK\Include\d3dx9effect.h">
      <Filter>Header Files</Filter>
    </ClInclude>
    <ClInclude Include="Dependencies\DirectX9SDK\Include\d3dx9math.h">
      <Filter>Header Files</Filter>
    </ClInclude>
    <ClInclude Include="Dependencies\DirectX9SDK\Include\d3dx9mesh.h">
      <Filter>Header Files</Filter>
    </ClInclude>
    <ClInclude Include="Dependencies\DirectX9SDK\Include\d3dx9shader.h">
      <Filter>Header Files</Filter>
    </ClInclude>
    <ClInclude Include="Dependencies\DirectX9SDK\Include\d3dx9shape.h">
      <Filter>Header Files</Filter>
    </ClInclude>
    <ClInclude Include="Dependencies\DirectX9SDK\Include\d3dx9tex.h">
      <Filter>Header Files</Filter>
    </ClInclude>
    <ClInclude Include="Dependencies\DirectX9SDK\Include\d3dx9xof.h">
      <Filter>Header Files</Filter>
    </ClInclude>
    <ClInclude Include="Dependencies\DirectX9SDK\Include\D3DX10.h">
      <Filter>Header Files</Filter>
    </ClInclude>
    <ClInclude Include="Dependencies\DirectX9SDK\Include\d3dx10async.h">
      <Filter>Header Files</Filter>
    </ClInclude>
    <ClInclude Include="Dependencies\DirectX9SDK\Include\D3DX10core.h">
      <Filter>Header Files</Filter>
    </ClInclude>
    <ClInclude Include="Dependencies\DirectX9SDK\Include\D3DX10math.h">
      <Filter>Header Files</Filter>
    </ClInclude>
    <ClInclude Include="Dependencies\DirectX9SDK\Include\D3DX10mesh.h">
      <Filter>Header Files</Filter>
    </ClInclude>
    <ClInclude Include="Dependencies\DirectX9SDK\Include\D3DX10tex.h">
      <Filter>Header Files</Filter>
    </ClInclude>
    <ClInclude Include="Dependencies\DirectX9SDK\Include\D3DX11.h">
      <Filter>Header Files</Filter>
    </ClInclude>
    <ClInclude Include="Dependencies\DirectX9SDK\Include\D3DX11async.h">
      <Filter>Header Files</Filter>
    </ClInclude>
    <ClInclude Include="Dependencies\DirectX9SDK\Include\D3DX11core.h">
      <Filter>Header Files</Filter>
    </ClInclude>
    <ClInclude Include="Dependencies\DirectX9SDK\Include\D3DX11tex.h">
      <Filter>Header Files</Filter>
    </ClInclude>
    <ClInclude Include="Dependencies\DirectX9SDK\Include\Dcommon.h">
      <Filter>Header Files</Filter>
    </ClInclude>
    <ClInclude Include="Dependencies\DirectX9SDK\Include\dinput.h">
      <Filter>Header Files</Filter>
    </ClInclude>
    <ClInclude Include="Dependencies\DirectX9SDK\Include\dinputd.h">
      <Filter>Header Files</Filter>
    </ClInclude>
    <ClInclude Include="Dependencies\DirectX9SDK\Include\dsconf.h">
      <Filter>Header Files</Filter>
    </ClInclude>
    <ClInclude Include="Dependencies\DirectX9SDK\Include\dsetup.h">
      <Filter>Header Files</Filter>
    </ClInclude>
    <ClInclude Include="Dependencies\DirectX9SDK\Include\dsound.h">
      <Filter>Header Files</Filter>
    </ClInclude>
    <ClInclude Include="Dependencies\DirectX9SDK\Include\DWrite.h">
      <Filter>Header Files</Filter>
    </ClInclude>
    <ClInclude Include="Dependencies\DirectX9SDK\Include\dxdiag.h">
      <Filter>Header Files</Filter>
    </ClInclude>
    <ClInclude Include="Dependencies\DirectX9SDK\Include\DxErr.h">
      <Filter>Header Files</Filter>
    </ClInclude>
    <ClInclude Include="Dependencies\DirectX9SDK\Include\dxfile.h">
      <Filter>Header Files</Filter>
    </ClInclude>
    <ClInclude Include="Dependencies\DirectX9SDK\Include\DXGI.h">
      <Filter>Header Files</Filter>
    </ClInclude>
    <ClInclude Include="Dependencies\DirectX9SDK\Include\DXGIFormat.h">
      <Filter>Header Files</Filter>
    </ClInclude>
    <ClInclude Include="Dependencies\DirectX9SDK\Include\DXGIType.h">
      <Filter>Header Files</Filter>
    </ClInclude>
    <ClInclude Include="Dependencies\DirectX9SDK\Include\dxsdkver.h">
      <Filter>Header Files</Filter>
    </ClInclude>
    <ClInclude Include="Dependencies\DirectX9SDK\Include\gameux.h">
      <Filter>Header Files</Filter>
    </ClInclude>
    <ClInclude Include="Dependencies\DirectX9SDK\Include\PIXPlugin.h">
      <Filter>Header Files</Filter>
    </ClInclude>
    <ClInclude Include="Dependencies\DirectX9SDK\Include\rmxfguid.h">
      <Filter>Header Files</Filter>
    </ClInclude>
    <ClInclude Include="Dependencies\DirectX9SDK\Include\rmxftmpl.h">
      <Filter>Header Files</Filter>
    </ClInclude>
    <ClInclude Include="Dependencies\DirectX9SDK\Include\rpcsal.h">
      <Filter>Header Files</Filter>
    </ClInclude>
    <ClInclude Include="Dependencies\DirectX9SDK\Include\X3DAudio.h">
      <Filter>Header Files</Filter>
    </ClInclude>
    <ClInclude Include="Dependencies\DirectX9SDK\Include\xact3.h">
      <Filter>Header Files</Filter>
    </ClInclude>
    <ClInclude Include="Dependencies\DirectX9SDK\Include\xact3d3.h">
      <Filter>Header Files</Filter>
    </ClInclude>
    <ClInclude Include="Dependencies\DirectX9SDK\Include\xact3wb.h">
      <Filter>Header Files</Filter>
    </ClInclude>
    <ClInclude Include="Dependencies\DirectX9SDK\Include\XAPO.h">
      <Filter>Header Files</Filter>
    </ClInclude>
    <ClInclude Include="Dependencies\DirectX9SDK\Include\XAPOBase.h">
      <Filter>Header Files</Filter>
    </ClInclude>
    <ClInclude Include="Dependencies\DirectX9SDK\Include\XAPOFX.h">
      <Filter>Header Files</Filter>
    </ClInclude>
    <ClInclude Include="Dependencies\DirectX9SDK\Include\XAudio2.h">
      <Filter>Header Files</Filter>
    </ClInclude>
    <ClInclude Include="Dependencies\DirectX9SDK\Include\XAudio2fx.h">
      <Filter>Header Files</Filter>
    </ClInclude>
    <ClInclude Include="Dependencies\DirectX9SDK\Include\XDSP.h">
      <Filter>Header Files</Filter>
    </ClInclude>
    <ClInclude Include="Dependencies\DirectX9SDK\Include\XInput.h">
      <Filter>Header Files</Filter>
    </ClInclude>
    <ClInclude Include="Dependencies\DirectX9SDK\Include\xma2defs.h">
      <Filter>Header Files</Filter>
    </ClInclude>
    <ClInclude Include="Dependencies\DirectX9SDK\Include\xnamath.h">
      <Filter>Header Files</Filter>
    </ClInclude>
    <ClInclude Include="CSGOInternal\ImGui\imconfig.h">
      <Filter>Header Files</Filter>
    </ClInclude>
    <ClInclude Include="CSGOInternal\ImGui\imgui.h">
      <Filter>Header Files</Filter>
    </ClInclude>
    <ClInclude Include="CSGOInternal\ImGui\imgui_impl_dx9.h">
      <Filter>Header Files</Filter>
    </ClInclude>
    <ClInclude Include="CSGOInternal\ImGui\imgui_impl_win32.h">
      <Filter>Header Files</Filter>
    </ClInclude>
    <ClInclude Include="CSGOInternal\ImGui\imgui_internal.h">
      <Filter>Header Files</Filter>
    </ClInclude>
    <ClInclude Include="CSGOInternal\ImGui\imstb_rectpack.h">
      <Filter>Header Files</Filter>
    </ClInclude>
    <ClInclude Include="CSGOInternal\ImGui\imstb_textedit.h">
      <Filter>Header Files</Filter>
    </ClInclude>
    <ClInclude Include="CSGOInternal\ImGui\imstb_truetype.h">
      <Filter>Header Files</Filter>
    </ClInclude>
  </ItemGroup>
  <ItemGroup>
    <Image Include="Docs\html\folderclosed.png">
      <Filter>Resource Files</Filter>
    </Image>
    <Image Include="Docs\html\bc_s.png">
      <Filter>Resource Files</Filter>
    </Image>
    <Image Include="Docs\html\bdwn.png">
      <Filter>Resource Files</Filter>
    </Image>
    <Image Include="Docs\html\closed.png">
      <Filter>Resource Files</Filter>
    </Image>
    <Image Include="Docs\html\doc.png">
      <Filter>Resource Files</Filter>
    </Image>
    <Image Include="Docs\html\doxygen.png">
      <Filter>Resource Files</Filter>
    </Image>
    <Image Include="Docs\html\folderopen.png">
      <Filter>Resource Files</Filter>
    </Image>
    <Image Include="Docs\html\nav_f.png">
      <Filter>Resource Files</Filter>
    </Image>
    <Image Include="Docs\html\nav_g.png">
      <Filter>Resource Files</Filter>
    </Image>
    <Image Include="Docs\html\nav_h.png">
      <Filter>Resource Files</Filter>
    </Image>
    <Image Include="Docs\html\open.png">
      <Filter>Resource Files</Filter>
    </Image>
    <Image Include="Docs\html\splitbar.png">
      <Filter>Resource Files</Filter>
    </Image>
    <Image Include="Docs\html\sync_off.png">
      <Filter>Resource Files</Filter>
    </Image>
    <Image Include="Docs\html\sync_on.png">
      <Filter>Resource Files</Filter>
    </Image>
    <Image Include="Docs\html\tab_a.png">
      <Filter>Resource Files</Filter>
    </Image>
    <Image Include="Docs\html\tab_b.png">
      <Filter>Resource Files</Filter>
    </Image>
    <Image Include="Docs\html\tab_h.png">
      <Filter>Resource Files</Filter>
    </Image>
    <Image Include="Docs\html\tab_s.png">
      <Filter>Resource Files</Filter>
    </Image>
    <Image Include="Docs\html\search\mag_sel.png">
      <Filter>Resource Files</Filter>
    </Image>
    <Image Include="Docs\html\search\search_l.png">
      <Filter>Resource Files</Filter>
    </Image>
    <Image Include="Docs\html\search\search_r.png">
      <Filter>Resource Files</Filter>
    </Image>
    <Image Include="Docs\html\search\search_m.png">
      <Filter>Resource Files</Filter>
    </Image>
  </ItemGroup>
  <ItemGroup>
    <Library Include="Dependencies\DirectX9SDK\Lib\d3d9.lib" />
    <Library Include="Dependencies\DirectX9SDK\Lib\d3dx9.lib" />
  </ItemGroup>
</Project>